// !$*UTF8*$!
{
	archiveVersion = 1;
	classes = {
	};
	objectVersion = 46;
	objects = {

/* Begin PBXBuildFile section */
		048AEF2F1D8BFDE900B3359C /* AutoAttentionView.m in Sources */ = {isa = PBXBuildFile; fileRef = 048AEF291D8BFDE900B3359C /* AutoAttentionView.m */; };
		048AEF301D8BFDE900B3359C /* UITextField+Addtion.m in Sources */ = {isa = PBXBuildFile; fileRef = 048AEF2C1D8BFDE900B3359C /* UITextField+Addtion.m */; };
		048AEF311D8BFDE900B3359C /* ZLAlertDialog.m in Sources */ = {isa = PBXBuildFile; fileRef = 048AEF2E1D8BFDE900B3359C /* ZLAlertDialog.m */; };
		04F8312C1D8B47B200BA8BA9 /* main.m in Sources */ = {isa = PBXBuildFile; fileRef = 04F8312B1D8B47B200BA8BA9 /* main.m */; };
		04F8312F1D8B47B200BA8BA9 /* AppDelegate.m in Sources */ = {isa = PBXBuildFile; fileRef = 04F8312E1D8B47B200BA8BA9 /* AppDelegate.m */; };
		04F831321D8B47B200BA8BA9 /* ViewController.m in Sources */ = {isa = PBXBuildFile; fileRef = 04F831311D8B47B200BA8BA9 /* ViewController.m */; };
		04F831351D8B47B200BA8BA9 /* Main.storyboard in Resources */ = {isa = PBXBuildFile; fileRef = 04F831331D8B47B200BA8BA9 /* Main.storyboard */; };
		04F831371D8B47B200BA8BA9 /* Assets.xcassets in Resources */ = {isa = PBXBuildFile; fileRef = 04F831361D8B47B200BA8BA9 /* Assets.xcassets */; };
		04F8313A1D8B47B200BA8BA9 /* LaunchScreen.storyboard in Resources */ = {isa = PBXBuildFile; fileRef = 04F831381D8B47B200BA8BA9 /* LaunchScreen.storyboard */; };
		04F831451D8B47B200BA8BA9 /* jwTextFiledTests.m in Sources */ = {isa = PBXBuildFile; fileRef = 04F831441D8B47B200BA8BA9 /* jwTextFiledTests.m */; };
		04F831501D8B47B200BA8BA9 /* jwTextFiledUITests.m in Sources */ = {isa = PBXBuildFile; fileRef = 04F8314F1D8B47B200BA8BA9 /* jwTextFiledUITests.m */; };
		681C1C94BDC201CD88FAB2E2 /* libPods-jwTextFiledUITests.a in Frameworks */ = {isa = PBXBuildFile; fileRef = 3F7A2B56D43DC96C4C3F4277 /* libPods-jwTextFiledUITests.a */; };
		9B415F44D956E2E160DF2FB3 /* libPods-jwTextFiled.a in Frameworks */ = {isa = PBXBuildFile; fileRef = 2BC03E87FA50ABEE48BD0AE8 /* libPods-jwTextFiled.a */; };
		A957BCF31D912BF600D1DB79 /* CdView.m in Sources */ = {isa = PBXBuildFile; fileRef = A957BCF21D912BF600D1DB79 /* CdView.m */; };
		A957BCF61D912C1600D1DB79 /* UILabel+jwExten.m in Sources */ = {isa = PBXBuildFile; fileRef = A957BCF51D912C1600D1DB79 /* UILabel+jwExten.m */; };
		A9C9D65F1D8EAED000B30D18 /* AddBankCardViewController.m in Sources */ = {isa = PBXBuildFile; fileRef = A9C9D65D1D8EAED000B30D18 /* AddBankCardViewController.m */; };
		A9C9D6601D8EAED000B30D18 /* AddBankCardViewController.storyboard in Resources */ = {isa = PBXBuildFile; fileRef = A9C9D65E1D8EAED000B30D18 /* AddBankCardViewController.storyboard */; };
		A9E784851D9004A900F87D4B /* UIColor+jwHex.m in Sources */ = {isa = PBXBuildFile; fileRef = A9E784841D9004A900F87D4B /* UIColor+jwHex.m */; };
		ED7412D898823AEF7325B93B /* libPods-jwTextFiledTests.a in Frameworks */ = {isa = PBXBuildFile; fileRef = AE404A97A3AF151A07607EA1 /* libPods-jwTextFiledTests.a */; };
/* End PBXBuildFile section */

/* Begin PBXContainerItemProxy section */
		04F831411D8B47B200BA8BA9 /* PBXContainerItemProxy */ = {
			isa = PBXContainerItemProxy;
			containerPortal = 04F8311F1D8B47B100BA8BA9 /* Project object */;
			proxyType = 1;
			remoteGlobalIDString = 04F831261D8B47B100BA8BA9;
			remoteInfo = jwTextFiled;
		};
		04F8314C1D8B47B200BA8BA9 /* PBXContainerItemProxy */ = {
			isa = PBXContainerItemProxy;
			containerPortal = 04F8311F1D8B47B100BA8BA9 /* Project object */;
			proxyType = 1;
			remoteGlobalIDString = 04F831261D8B47B100BA8BA9;
			remoteInfo = jwTextFiled;
		};
/* End PBXContainerItemProxy section */

/* Begin PBXFileReference section */
		048AEF281D8BFDE900B3359C /* AutoAttentionView.h */ = {isa = PBXFileReference; fileEncoding = 4; lastKnownFileType = sourcecode.c.h; path = AutoAttentionView.h; sourceTree = "<group>"; };
		048AEF291D8BFDE900B3359C /* AutoAttentionView.m */ = {isa = PBXFileReference; fileEncoding = 4; lastKnownFileType = sourcecode.c.objc; path = AutoAttentionView.m; sourceTree = "<group>"; };
		048AEF2B1D8BFDE900B3359C /* UITextField+Addtion.h */ = {isa = PBXFileReference; fileEncoding = 4; lastKnownFileType = sourcecode.c.h; path = "UITextField+Addtion.h"; sourceTree = "<group>"; };
		048AEF2C1D8BFDE900B3359C /* UITextField+Addtion.m */ = {isa = PBXFileReference; fileEncoding = 4; lastKnownFileType = sourcecode.c.objc; path = "UITextField+Addtion.m"; sourceTree = "<group>"; };
		048AEF2D1D8BFDE900B3359C /* ZLAlertDialog.h */ = {isa = PBXFileReference; fileEncoding = 4; lastKnownFileType = sourcecode.c.h; path = ZLAlertDialog.h; sourceTree = "<group>"; };
		048AEF2E1D8BFDE900B3359C /* ZLAlertDialog.m */ = {isa = PBXFileReference; fileEncoding = 4; lastKnownFileType = sourcecode.c.objc; path = ZLAlertDialog.m; sourceTree = "<group>"; };
		048AEF331D8BFE8200B3359C /* jwTextFiled.h */ = {isa = PBXFileReference; fileEncoding = 4; lastKnownFileType = sourcecode.c.h; path = jwTextFiled.h; sourceTree = "<group>"; };
		04F831271D8B47B100BA8BA9 /* jwTextFiled.app */ = {isa = PBXFileReference; explicitFileType = wrapper.application; includeInIndex = 0; path = jwTextFiled.app; sourceTree = BUILT_PRODUCTS_DIR; };
		04F8312B1D8B47B200BA8BA9 /* main.m */ = {isa = PBXFileReference; lastKnownFileType = sourcecode.c.objc; path = main.m; sourceTree = "<group>"; };
		04F8312D1D8B47B200BA8BA9 /* AppDelegate.h */ = {isa = PBXFileReference; lastKnownFileType = sourcecode.c.h; path = AppDelegate.h; sourceTree = "<group>"; };
		04F8312E1D8B47B200BA8BA9 /* AppDelegate.m */ = {isa = PBXFileReference; lastKnownFileType = sourcecode.c.objc; path = AppDelegate.m; sourceTree = "<group>"; };
		04F831301D8B47B200BA8BA9 /* ViewController.h */ = {isa = PBXFileReference; lastKnownFileType = sourcecode.c.h; path = ViewController.h; sourceTree = "<group>"; };
		04F831311D8B47B200BA8BA9 /* ViewController.m */ = {isa = PBXFileReference; lastKnownFileType = sourcecode.c.objc; path = ViewController.m; sourceTree = "<group>"; };
		04F831341D8B47B200BA8BA9 /* Base */ = {isa = PBXFileReference; lastKnownFileType = file.storyboard; name = Base; path = Base.lproj/Main.storyboard; sourceTree = "<group>"; };
		04F831361D8B47B200BA8BA9 /* Assets.xcassets */ = {isa = PBXFileReference; lastKnownFileType = folder.assetcatalog; path = Assets.xcassets; sourceTree = "<group>"; };
		04F831391D8B47B200BA8BA9 /* Base */ = {isa = PBXFileReference; lastKnownFileType = file.storyboard; name = Base; path = Base.lproj/LaunchScreen.storyboard; sourceTree = "<group>"; };
		04F8313B1D8B47B200BA8BA9 /* Info.plist */ = {isa = PBXFileReference; lastKnownFileType = text.plist.xml; path = Info.plist; sourceTree = "<group>"; };
		04F831401D8B47B200BA8BA9 /* jwTextFiledTests.xctest */ = {isa = PBXFileReference; explicitFileType = wrapper.cfbundle; includeInIndex = 0; path = jwTextFiledTests.xctest; sourceTree = BUILT_PRODUCTS_DIR; };
		04F831441D8B47B200BA8BA9 /* jwTextFiledTests.m */ = {isa = PBXFileReference; lastKnownFileType = sourcecode.c.objc; path = jwTextFiledTests.m; sourceTree = "<group>"; };
		04F831461D8B47B200BA8BA9 /* Info.plist */ = {isa = PBXFileReference; lastKnownFileType = text.plist.xml; path = Info.plist; sourceTree = "<group>"; };
		04F8314B1D8B47B200BA8BA9 /* jwTextFiledUITests.xctest */ = {isa = PBXFileReference; explicitFileType = wrapper.cfbundle; includeInIndex = 0; path = jwTextFiledUITests.xctest; sourceTree = BUILT_PRODUCTS_DIR; };
		04F8314F1D8B47B200BA8BA9 /* jwTextFiledUITests.m */ = {isa = PBXFileReference; lastKnownFileType = sourcecode.c.objc; path = jwTextFiledUITests.m; sourceTree = "<group>"; };
		04F831511D8B47B200BA8BA9 /* Info.plist */ = {isa = PBXFileReference; lastKnownFileType = text.plist.xml; path = Info.plist; sourceTree = "<group>"; };
		21D7D38269ED3498F7B96847 /* Pods-jwTextFiledUITests.release.xcconfig */ = {isa = PBXFileReference; includeInIndex = 1; lastKnownFileType = text.xcconfig; name = "Pods-jwTextFiledUITests.release.xcconfig"; path = "Pods/Target Support Files/Pods-jwTextFiledUITests/Pods-jwTextFiledUITests.release.xcconfig"; sourceTree = "<group>"; };
		2BC03E87FA50ABEE48BD0AE8 /* libPods-jwTextFiled.a */ = {isa = PBXFileReference; explicitFileType = archive.ar; includeInIndex = 0; path = "libPods-jwTextFiled.a"; sourceTree = BUILT_PRODUCTS_DIR; };
		3C320A8AE26184367036CB1A /* Pods-jwTextFiledTests.debug.xcconfig */ = {isa = PBXFileReference; includeInIndex = 1; lastKnownFileType = text.xcconfig; name = "Pods-jwTextFiledTests.debug.xcconfig"; path = "Pods/Target Support Files/Pods-jwTextFiledTests/Pods-jwTextFiledTests.debug.xcconfig"; sourceTree = "<group>"; };
		3F7A2B56D43DC96C4C3F4277 /* libPods-jwTextFiledUITests.a */ = {isa = PBXFileReference; explicitFileType = archive.ar; includeInIndex = 0; path = "libPods-jwTextFiledUITests.a"; sourceTree = BUILT_PRODUCTS_DIR; };
		483EB1EC8648D8D8E8470D82 /* Pods-jwTextFiledUITests.debug.xcconfig */ = {isa = PBXFileReference; includeInIndex = 1; lastKnownFileType = text.xcconfig; name = "Pods-jwTextFiledUITests.debug.xcconfig"; path = "Pods/Target Support Files/Pods-jwTextFiledUITests/Pods-jwTextFiledUITests.debug.xcconfig"; sourceTree = "<group>"; };
		5ED9694ADD8A7618808AC772 /* Pods-jwTextFiled.release.xcconfig */ = {isa = PBXFileReference; includeInIndex = 1; lastKnownFileType = text.xcconfig; name = "Pods-jwTextFiled.release.xcconfig"; path = "Pods/Target Support Files/Pods-jwTextFiled/Pods-jwTextFiled.release.xcconfig"; sourceTree = "<group>"; };
		689573C42B34DB2FED6ADF72 /* Pods-jwTextFiledTests.release.xcconfig */ = {isa = PBXFileReference; includeInIndex = 1; lastKnownFileType = text.xcconfig; name = "Pods-jwTextFiledTests.release.xcconfig"; path = "Pods/Target Support Files/Pods-jwTextFiledTests/Pods-jwTextFiledTests.release.xcconfig"; sourceTree = "<group>"; };
		A957BCF11D912BF600D1DB79 /* CdView.h */ = {isa = PBXFileReference; fileEncoding = 4; lastKnownFileType = sourcecode.c.h; path = CdView.h; sourceTree = "<group>"; };
		A957BCF21D912BF600D1DB79 /* CdView.m */ = {isa = PBXFileReference; fileEncoding = 4; lastKnownFileType = sourcecode.c.objc; path = CdView.m; sourceTree = "<group>"; };
		A957BCF41D912C1600D1DB79 /* UILabel+jwExten.h */ = {isa = PBXFileReference; fileEncoding = 4; lastKnownFileType = sourcecode.c.h; path = "UILabel+jwExten.h"; sourceTree = "<group>"; };
		A957BCF51D912C1600D1DB79 /* UILabel+jwExten.m */ = {isa = PBXFileReference; fileEncoding = 4; lastKnownFileType = sourcecode.c.objc; path = "UILabel+jwExten.m"; sourceTree = "<group>"; };
		A9C9D65C1D8EAED000B30D18 /* AddBankCardViewController.h */ = {isa = PBXFileReference; fileEncoding = 4; lastKnownFileType = sourcecode.c.h; path = AddBankCardViewController.h; sourceTree = "<group>"; };
		A9C9D65D1D8EAED000B30D18 /* AddBankCardViewController.m */ = {isa = PBXFileReference; fileEncoding = 4; lastKnownFileType = sourcecode.c.objc; path = AddBankCardViewController.m; sourceTree = "<group>"; };
		A9C9D65E1D8EAED000B30D18 /* AddBankCardViewController.storyboard */ = {isa = PBXFileReference; fileEncoding = 4; lastKnownFileType = file.storyboard; path = AddBankCardViewController.storyboard; sourceTree = "<group>"; };
		A9E784791D9004A900F87D4B /* jw3RdMacro.h */ = {isa = PBXFileReference; fileEncoding = 4; lastKnownFileType = sourcecode.c.h; path = jw3RdMacro.h; sourceTree = "<group>"; };
		A9E7847A1D9004A900F87D4B /* jwColorMacro.h */ = {isa = PBXFileReference; fileEncoding = 4; lastKnownFileType = sourcecode.c.h; path = jwColorMacro.h; sourceTree = "<group>"; };
		A9E7847B1D9004A900F87D4B /* jwDeveceMacro.h */ = {isa = PBXFileReference; fileEncoding = 4; lastKnownFileType = sourcecode.c.h; path = jwDeveceMacro.h; sourceTree = "<group>"; };
		A9E7847C1D9004A900F87D4B /* jwFontMacro.h */ = {isa = PBXFileReference; fileEncoding = 4; lastKnownFileType = sourcecode.c.h; path = jwFontMacro.h; sourceTree = "<group>"; };
		A9E7847D1D9004A900F87D4B /* jwFrameMacro.h */ = {isa = PBXFileReference; fileEncoding = 4; lastKnownFileType = sourcecode.c.h; path = jwFrameMacro.h; sourceTree = "<group>"; };
		A9E7847E1D9004A900F87D4B /* jwMacro.h */ = {isa = PBXFileReference; fileEncoding = 4; lastKnownFileType = sourcecode.c.h; path = jwMacro.h; sourceTree = "<group>"; };
		A9E7847F1D9004A900F87D4B /* jwNetMacror.h */ = {isa = PBXFileReference; fileEncoding = 4; lastKnownFileType = sourcecode.c.h; path = jwNetMacror.h; sourceTree = "<group>"; };
		A9E784801D9004A900F87D4B /* jwTagMacro.h */ = {isa = PBXFileReference; fileEncoding = 4; lastKnownFileType = sourcecode.c.h; path = jwTagMacro.h; sourceTree = "<group>"; };
		A9E784811D9004A900F87D4B /* jwUiMacro.h */ = {isa = PBXFileReference; fileEncoding = 4; lastKnownFileType = sourcecode.c.h; path = jwUiMacro.h; sourceTree = "<group>"; };
		A9E784821D9004A900F87D4B /* jwUnitilsMacro.h */ = {isa = PBXFileReference; fileEncoding = 4; lastKnownFileType = sourcecode.c.h; path = jwUnitilsMacro.h; sourceTree = "<group>"; };
		A9E784831D9004A900F87D4B /* UIColor+jwHex.h */ = {isa = PBXFileReference; fileEncoding = 4; lastKnownFileType = sourcecode.c.h; path = "UIColor+jwHex.h"; sourceTree = "<group>"; };
		A9E784841D9004A900F87D4B /* UIColor+jwHex.m */ = {isa = PBXFileReference; fileEncoding = 4; lastKnownFileType = sourcecode.c.objc; path = "UIColor+jwHex.m"; sourceTree = "<group>"; };
		AE404A97A3AF151A07607EA1 /* libPods-jwTextFiledTests.a */ = {isa = PBXFileReference; explicitFileType = archive.ar; includeInIndex = 0; path = "libPods-jwTextFiledTests.a"; sourceTree = BUILT_PRODUCTS_DIR; };
		F27172007B4E9CEF31F019AA /* Pods-jwTextFiled.debug.xcconfig */ = {isa = PBXFileReference; includeInIndex = 1; lastKnownFileType = text.xcconfig; name = "Pods-jwTextFiled.debug.xcconfig"; path = "Pods/Target Support Files/Pods-jwTextFiled/Pods-jwTextFiled.debug.xcconfig"; sourceTree = "<group>"; };
/* End PBXFileReference section */

/* Begin PBXFrameworksBuildPhase section */
		04F831241D8B47B100BA8BA9 /* Frameworks */ = {
			isa = PBXFrameworksBuildPhase;
			buildActionMask = 2147483647;
			files = (
				9B415F44D956E2E160DF2FB3 /* libPods-jwTextFiled.a in Frameworks */,
			);
			runOnlyForDeploymentPostprocessing = 0;
		};
		04F8313D1D8B47B200BA8BA9 /* Frameworks */ = {
			isa = PBXFrameworksBuildPhase;
			buildActionMask = 2147483647;
			files = (
				ED7412D898823AEF7325B93B /* libPods-jwTextFiledTests.a in Frameworks */,
			);
			runOnlyForDeploymentPostprocessing = 0;
		};
		04F831481D8B47B200BA8BA9 /* Frameworks */ = {
			isa = PBXFrameworksBuildPhase;
			buildActionMask = 2147483647;
			files = (
				681C1C94BDC201CD88FAB2E2 /* libPods-jwTextFiledUITests.a in Frameworks */,
			);
			runOnlyForDeploymentPostprocessing = 0;
		};
/* End PBXFrameworksBuildPhase section */

/* Begin PBXGroup section */
		04F8311E1D8B47B100BA8BA9 = {
			isa = PBXGroup;
			children = (
				A9E784781D9004A900F87D4B /* jwMacro */,
				04F8315D1D8BC32400BA8BA9 /* jwTextFiled */,
				04F831291D8B47B200BA8BA9 /* jwTextFiled_Example */,
				04F831431D8B47B200BA8BA9 /* jwTextFiledTests */,
				04F8314E1D8B47B200BA8BA9 /* jwTextFiledUITests */,
				04F831281D8B47B100BA8BA9 /* Products */,
				425852AB2F8CBA003427C743 /* Pods */,
				AEE9A03BCD809532E13223EA /* Frameworks */,
			);
			sourceTree = "<group>";
		};
		04F831281D8B47B100BA8BA9 /* Products */ = {
			isa = PBXGroup;
			children = (
				04F831271D8B47B100BA8BA9 /* jwTextFiled.app */,
				04F831401D8B47B200BA8BA9 /* jwTextFiledTests.xctest */,
				04F8314B1D8B47B200BA8BA9 /* jwTextFiledUITests.xctest */,
			);
			name = Products;
			sourceTree = "<group>";
		};
		04F831291D8B47B200BA8BA9 /* jwTextFiled_Example */ = {
			isa = PBXGroup;
			children = (
				04F8312D1D8B47B200BA8BA9 /* AppDelegate.h */,
				04F8312E1D8B47B200BA8BA9 /* AppDelegate.m */,
				04F831301D8B47B200BA8BA9 /* ViewController.h */,
				04F831311D8B47B200BA8BA9 /* ViewController.m */,
				A9C9D65C1D8EAED000B30D18 /* AddBankCardViewController.h */,
				A9C9D65D1D8EAED000B30D18 /* AddBankCardViewController.m */,
				A9C9D65E1D8EAED000B30D18 /* AddBankCardViewController.storyboard */,
				04F831331D8B47B200BA8BA9 /* Main.storyboard */,
				04F831361D8B47B200BA8BA9 /* Assets.xcassets */,
				04F831381D8B47B200BA8BA9 /* LaunchScreen.storyboard */,
				04F8313B1D8B47B200BA8BA9 /* Info.plist */,
				04F8312A1D8B47B200BA8BA9 /* Supporting Files */,
			);
			name = jwTextFiled_Example;
			path = jwTextFiled;
			sourceTree = "<group>";
		};
		04F8312A1D8B47B200BA8BA9 /* Supporting Files */ = {
			isa = PBXGroup;
			children = (
				04F8312B1D8B47B200BA8BA9 /* main.m */,
			);
			name = "Supporting Files";
			sourceTree = "<group>";
		};
		04F831431D8B47B200BA8BA9 /* jwTextFiledTests */ = {
			isa = PBXGroup;
			children = (
				04F831441D8B47B200BA8BA9 /* jwTextFiledTests.m */,
				04F831461D8B47B200BA8BA9 /* Info.plist */,
			);
			path = jwTextFiledTests;
			sourceTree = "<group>";
		};
		04F8314E1D8B47B200BA8BA9 /* jwTextFiledUITests */ = {
			isa = PBXGroup;
			children = (
				04F8314F1D8B47B200BA8BA9 /* jwTextFiledUITests.m */,
				04F831511D8B47B200BA8BA9 /* Info.plist */,
			);
			path = jwTextFiledUITests;
			sourceTree = "<group>";
		};
		04F8315D1D8BC32400BA8BA9 /* jwTextFiled */ = {
			isa = PBXGroup;
			children = (
				048AEF331D8BFE8200B3359C /* jwTextFiled.h */,
				048AEF2B1D8BFDE900B3359C /* UITextField+Addtion.h */,
				048AEF2C1D8BFDE900B3359C /* UITextField+Addtion.m */,
				048AEF281D8BFDE900B3359C /* AutoAttentionView.h */,
				048AEF291D8BFDE900B3359C /* AutoAttentionView.m */,
				048AEF2D1D8BFDE900B3359C /* ZLAlertDialog.h */,
				048AEF2E1D8BFDE900B3359C /* ZLAlertDialog.m */,
				A957BCF11D912BF600D1DB79 /* CdView.h */,
				A957BCF21D912BF600D1DB79 /* CdView.m */,
				A957BCF41D912C1600D1DB79 /* UILabel+jwExten.h */,
				A957BCF51D912C1600D1DB79 /* UILabel+jwExten.m */,
			);
			name = jwTextFiled;
			path = jwTextFiled/jwTextFiled;
			sourceTree = "<group>";
		};
		425852AB2F8CBA003427C743 /* Pods */ = {
			isa = PBXGroup;
			children = (
				F27172007B4E9CEF31F019AA /* Pods-jwTextFiled.debug.xcconfig */,
				5ED9694ADD8A7618808AC772 /* Pods-jwTextFiled.release.xcconfig */,
				3C320A8AE26184367036CB1A /* Pods-jwTextFiledTests.debug.xcconfig */,
				689573C42B34DB2FED6ADF72 /* Pods-jwTextFiledTests.release.xcconfig */,
				483EB1EC8648D8D8E8470D82 /* Pods-jwTextFiledUITests.debug.xcconfig */,
				21D7D38269ED3498F7B96847 /* Pods-jwTextFiledUITests.release.xcconfig */,
			);
			name = Pods;
			sourceTree = "<group>";
		};
		A9E784781D9004A900F87D4B /* jwMacro */ = {
			isa = PBXGroup;
			children = (
				A9E784791D9004A900F87D4B /* jw3RdMacro.h */,
				A9E7847A1D9004A900F87D4B /* jwColorMacro.h */,
				A9E7847B1D9004A900F87D4B /* jwDeveceMacro.h */,
				A9E7847C1D9004A900F87D4B /* jwFontMacro.h */,
				A9E7847D1D9004A900F87D4B /* jwFrameMacro.h */,
				A9E7847E1D9004A900F87D4B /* jwMacro.h */,
				A9E7847F1D9004A900F87D4B /* jwNetMacror.h */,
				A9E784801D9004A900F87D4B /* jwTagMacro.h */,
				A9E784811D9004A900F87D4B /* jwUiMacro.h */,
				A9E784821D9004A900F87D4B /* jwUnitilsMacro.h */,
				A9E784831D9004A900F87D4B /* UIColor+jwHex.h */,
				A9E784841D9004A900F87D4B /* UIColor+jwHex.m */,
			);
			path = jwMacro;
			sourceTree = "<group>";
		};
		AEE9A03BCD809532E13223EA /* Frameworks */ = {
			isa = PBXGroup;
			children = (
				2BC03E87FA50ABEE48BD0AE8 /* libPods-jwTextFiled.a */,
				AE404A97A3AF151A07607EA1 /* libPods-jwTextFiledTests.a */,
				3F7A2B56D43DC96C4C3F4277 /* libPods-jwTextFiledUITests.a */,
			);
			name = Frameworks;
			sourceTree = "<group>";
		};
/* End PBXGroup section */

/* Begin PBXNativeTarget section */
		04F831261D8B47B100BA8BA9 /* jwTextFiled */ = {
			isa = PBXNativeTarget;
			buildConfigurationList = 04F831541D8B47B200BA8BA9 /* Build configuration list for PBXNativeTarget "jwTextFiled" */;
			buildPhases = (
				7FA412B1C17493420D7BBB41 /* [CP] Check Pods Manifest.lock */,
				04F831231D8B47B100BA8BA9 /* Sources */,
				04F831241D8B47B100BA8BA9 /* Frameworks */,
				04F831251D8B47B100BA8BA9 /* Resources */,
				96D837DBF2A417E4E3229558 /* [CP] Embed Pods Frameworks */,
				ECB99C0CB6DC3815055786AD /* [CP] Copy Pods Resources */,
			);
			buildRules = (
			);
			dependencies = (
			);
			name = jwTextFiled;
			productName = jwTextFiled;
			productReference = 04F831271D8B47B100BA8BA9 /* jwTextFiled.app */;
			productType = "com.apple.product-type.application";
		};
		04F8313F1D8B47B200BA8BA9 /* jwTextFiledTests */ = {
			isa = PBXNativeTarget;
			buildConfigurationList = 04F831571D8B47B200BA8BA9 /* Build configuration list for PBXNativeTarget "jwTextFiledTests" */;
			buildPhases = (
				3F3DDC2EC7395627C74D15DC /* [CP] Check Pods Manifest.lock */,
				04F8313C1D8B47B200BA8BA9 /* Sources */,
				04F8313D1D8B47B200BA8BA9 /* Frameworks */,
				04F8313E1D8B47B200BA8BA9 /* Resources */,
				4A785DBCDFFDDC78E52B5BF5 /* [CP] Embed Pods Frameworks */,
				A4F6AB96327AF729E5613E93 /* [CP] Copy Pods Resources */,
			);
			buildRules = (
			);
			dependencies = (
				04F831421D8B47B200BA8BA9 /* PBXTargetDependency */,
			);
			name = jwTextFiledTests;
			productName = jwTextFiledTests;
			productReference = 04F831401D8B47B200BA8BA9 /* jwTextFiledTests.xctest */;
			productType = "com.apple.product-type.bundle.unit-test";
		};
		04F8314A1D8B47B200BA8BA9 /* jwTextFiledUITests */ = {
			isa = PBXNativeTarget;
			buildConfigurationList = 04F8315A1D8B47B200BA8BA9 /* Build configuration list for PBXNativeTarget "jwTextFiledUITests" */;
			buildPhases = (
				42A299E376F0FD9A7C58F80F /* [CP] Check Pods Manifest.lock */,
				04F831471D8B47B200BA8BA9 /* Sources */,
				04F831481D8B47B200BA8BA9 /* Frameworks */,
				04F831491D8B47B200BA8BA9 /* Resources */,
				45671FF13CBF5572ED032FB9 /* [CP] Copy Pods Resources */,
			);
			buildRules = (
			);
			dependencies = (
				04F8314D1D8B47B200BA8BA9 /* PBXTargetDependency */,
			);
			name = jwTextFiledUITests;
			productName = jwTextFiledUITests;
			productReference = 04F8314B1D8B47B200BA8BA9 /* jwTextFiledUITests.xctest */;
			productType = "com.apple.product-type.bundle.ui-testing";
		};
/* End PBXNativeTarget section */

/* Begin PBXProject section */
		04F8311F1D8B47B100BA8BA9 /* Project object */ = {
			isa = PBXProject;
			attributes = {
				LastUpgradeCheck = 0720;
				ORGANIZATIONNAME = Mac;
				TargetAttributes = {
					04F831261D8B47B100BA8BA9 = {
						CreatedOnToolsVersion = 7.2;
						DevelopmentTeam = VJHLUPM383;
					};
					04F8313F1D8B47B200BA8BA9 = {
						CreatedOnToolsVersion = 7.2;
						TestTargetID = 04F831261D8B47B100BA8BA9;
					};
					04F8314A1D8B47B200BA8BA9 = {
						CreatedOnToolsVersion = 7.2;
						DevelopmentTeam = VJHLUPM383;
						TestTargetID = 04F831261D8B47B100BA8BA9;
					};
				};
			};
			buildConfigurationList = 04F831221D8B47B100BA8BA9 /* Build configuration list for PBXProject "jwTextFiled" */;
			compatibilityVersion = "Xcode 3.2";
			developmentRegion = English;
			hasScannedForEncodings = 0;
			knownRegions = (
				en,
				Base,
			);
			mainGroup = 04F8311E1D8B47B100BA8BA9;
			productRefGroup = 04F831281D8B47B100BA8BA9 /* Products */;
			projectDirPath = "";
			projectRoot = "";
			targets = (
				04F831261D8B47B100BA8BA9 /* jwTextFiled */,
				04F8313F1D8B47B200BA8BA9 /* jwTextFiledTests */,
				04F8314A1D8B47B200BA8BA9 /* jwTextFiledUITests */,
			);
		};
/* End PBXProject section */

/* Begin PBXResourcesBuildPhase section */
		04F831251D8B47B100BA8BA9 /* Resources */ = {
			isa = PBXResourcesBuildPhase;
			buildActionMask = 2147483647;
			files = (
				04F8313A1D8B47B200BA8BA9 /* LaunchScreen.storyboard in Resources */,
				A9C9D6601D8EAED000B30D18 /* AddBankCardViewController.storyboard in Resources */,
				04F831371D8B47B200BA8BA9 /* Assets.xcassets in Resources */,
				04F831351D8B47B200BA8BA9 /* Main.storyboard in Resources */,
			);
			runOnlyForDeploymentPostprocessing = 0;
		};
		04F8313E1D8B47B200BA8BA9 /* Resources */ = {
			isa = PBXResourcesBuildPhase;
			buildActionMask = 2147483647;
			files = (
			);
			runOnlyForDeploymentPostprocessing = 0;
		};
		04F831491D8B47B200BA8BA9 /* Resources */ = {
			isa = PBXResourcesBuildPhase;
			buildActionMask = 2147483647;
			files = (
			);
			runOnlyForDeploymentPostprocessing = 0;
		};
/* End PBXResourcesBuildPhase section */

/* Begin PBXShellScriptBuildPhase section */
		3F3DDC2EC7395627C74D15DC /* [CP] Check Pods Manifest.lock */ = {
			isa = PBXShellScriptBuildPhase;
			buildActionMask = 2147483647;
			files = (
			);
			inputPaths = (
			);
			name = "[CP] Check Pods Manifest.lock";
			outputPaths = (
			);
			runOnlyForDeploymentPostprocessing = 0;
			shellPath = /bin/sh;
			shellScript = "diff \"${PODS_ROOT}/../Podfile.lock\" \"${PODS_ROOT}/Manifest.lock\" > /dev/null\nif [[ $? != 0 ]] ; then\n    cat << EOM\nerror: The sandbox is not in sync with the Podfile.lock. Run 'pod install' or update your CocoaPods installation.\nEOM\n    exit 1\nfi\n";
			showEnvVarsInLog = 0;
		};
		42A299E376F0FD9A7C58F80F /* [CP] Check Pods Manifest.lock */ = {
			isa = PBXShellScriptBuildPhase;
			buildActionMask = 2147483647;
			files = (
			);
			inputPaths = (
			);
			name = "[CP] Check Pods Manifest.lock";
			outputPaths = (
			);
			runOnlyForDeploymentPostprocessing = 0;
			shellPath = /bin/sh;
			shellScript = "diff \"${PODS_ROOT}/../Podfile.lock\" \"${PODS_ROOT}/Manifest.lock\" > /dev/null\nif [[ $? != 0 ]] ; then\n    cat << EOM\nerror: The sandbox is not in sync with the Podfile.lock. Run 'pod install' or update your CocoaPods installation.\nEOM\n    exit 1\nfi\n";
			showEnvVarsInLog = 0;
		};
		45671FF13CBF5572ED032FB9 /* [CP] Copy Pods Resources */ = {
			isa = PBXShellScriptBuildPhase;
			buildActionMask = 2147483647;
			files = (
			);
			inputPaths = (
			);
			name = "[CP] Copy Pods Resources";
			outputPaths = (
			);
			runOnlyForDeploymentPostprocessing = 0;
			shellPath = /bin/sh;
			shellScript = "\"${SRCROOT}/Pods/Target Support Files/Pods-jwTextFiledUITests/Pods-jwTextFiledUITests-resources.sh\"\n";
			showEnvVarsInLog = 0;
		};
		4A785DBCDFFDDC78E52B5BF5 /* [CP] Embed Pods Frameworks */ = {
			isa = PBXShellScriptBuildPhase;
			buildActionMask = 2147483647;
			files = (
			);
			inputPaths = (
			);
			name = "[CP] Embed Pods Frameworks";
			outputPaths = (
			);
			runOnlyForDeploymentPostprocessing = 0;
			shellPath = /bin/sh;
			shellScript = "\"${SRCROOT}/Pods/Target Support Files/Pods-jwTextFiledTests/Pods-jwTextFiledTests-frameworks.sh\"\n";
			showEnvVarsInLog = 0;
		};
		7FA412B1C17493420D7BBB41 /* [CP] Check Pods Manifest.lock */ = {
			isa = PBXShellScriptBuildPhase;
			buildActionMask = 2147483647;
			files = (
			);
			inputPaths = (
			);
			name = "[CP] Check Pods Manifest.lock";
			outputPaths = (
			);
			runOnlyForDeploymentPostprocessing = 0;
			shellPath = /bin/sh;
			shellScript = "diff \"${PODS_ROOT}/../Podfile.lock\" \"${PODS_ROOT}/Manifest.lock\" > /dev/null\nif [[ $? != 0 ]] ; then\n    cat << EOM\nerror: The sandbox is not in sync with the Podfile.lock. Run 'pod install' or update your CocoaPods installation.\nEOM\n    exit 1\nfi\n";
			showEnvVarsInLog = 0;
		};
		96D837DBF2A417E4E3229558 /* [CP] Embed Pods Frameworks */ = {
			isa = PBXShellScriptBuildPhase;
			buildActionMask = 2147483647;
			files = (
			);
			inputPaths = (
			);
			name = "[CP] Embed Pods Frameworks";
			outputPaths = (
			);
			runOnlyForDeploymentPostprocessing = 0;
			shellPath = /bin/sh;
			shellScript = "\"${SRCROOT}/Pods/Target Support Files/Pods-jwTextFiled/Pods-jwTextFiled-frameworks.sh\"\n";
			showEnvVarsInLog = 0;
		};
		A4F6AB96327AF729E5613E93 /* [CP] Copy Pods Resources */ = {
			isa = PBXShellScriptBuildPhase;
			buildActionMask = 2147483647;
			files = (
			);
			inputPaths = (
			);
			name = "[CP] Copy Pods Resources";
			outputPaths = (
			);
			runOnlyForDeploymentPostprocessing = 0;
			shellPath = /bin/sh;
			shellScript = "\"${SRCROOT}/Pods/Target Support Files/Pods-jwTextFiledTests/Pods-jwTextFiledTests-resources.sh\"\n";
			showEnvVarsInLog = 0;
		};
		ECB99C0CB6DC3815055786AD /* [CP] Copy Pods Resources */ = {
			isa = PBXShellScriptBuildPhase;
			buildActionMask = 2147483647;
			files = (
			);
			inputPaths = (
			);
			name = "[CP] Copy Pods Resources";
			outputPaths = (
			);
			runOnlyForDeploymentPostprocessing = 0;
			shellPath = /bin/sh;
			shellScript = "\"${SRCROOT}/Pods/Target Support Files/Pods-jwTextFiled/Pods-jwTextFiled-resources.sh\"\n";
			showEnvVarsInLog = 0;
		};
/* End PBXShellScriptBuildPhase section */

/* Begin PBXSourcesBuildPhase section */
		04F831231D8B47B100BA8BA9 /* Sources */ = {
			isa = PBXSourcesBuildPhase;
			buildActionMask = 2147483647;
			files = (
				A9E784851D9004A900F87D4B /* UIColor+jwHex.m in Sources */,
				048AEF2F1D8BFDE900B3359C /* AutoAttentionView.m in Sources */,
				A957BCF31D912BF600D1DB79 /* CdView.m in Sources */,
				04F831321D8B47B200BA8BA9 /* ViewController.m in Sources */,
				04F8312F1D8B47B200BA8BA9 /* AppDelegate.m in Sources */,
				04F8312C1D8B47B200BA8BA9 /* main.m in Sources */,
				048AEF311D8BFDE900B3359C /* ZLAlertDialog.m in Sources */,
				048AEF301D8BFDE900B3359C /* UITextField+Addtion.m in Sources */,
				A957BCF61D912C1600D1DB79 /* UILabel+jwExten.m in Sources */,
				A9C9D65F1D8EAED000B30D18 /* AddBankCardViewController.m in Sources */,
			);
			runOnlyForDeploymentPostprocessing = 0;
		};
		04F8313C1D8B47B200BA8BA9 /* Sources */ = {
			isa = PBXSourcesBuildPhase;
			buildActionMask = 2147483647;
			files = (
				04F831451D8B47B200BA8BA9 /* jwTextFiledTests.m in Sources */,
			);
			runOnlyForDeploymentPostprocessing = 0;
		};
		04F831471D8B47B200BA8BA9 /* Sources */ = {
			isa = PBXSourcesBuildPhase;
			buildActionMask = 2147483647;
			files = (
				04F831501D8B47B200BA8BA9 /* jwTextFiledUITests.m in Sources */,
			);
			runOnlyForDeploymentPostprocessing = 0;
		};
/* End PBXSourcesBuildPhase section */

/* Begin PBXTargetDependency section */
		04F831421D8B47B200BA8BA9 /* PBXTargetDependency */ = {
			isa = PBXTargetDependency;
			target = 04F831261D8B47B100BA8BA9 /* jwTextFiled */;
			targetProxy = 04F831411D8B47B200BA8BA9 /* PBXContainerItemProxy */;
		};
		04F8314D1D8B47B200BA8BA9 /* PBXTargetDependency */ = {
			isa = PBXTargetDependency;
			target = 04F831261D8B47B100BA8BA9 /* jwTextFiled */;
			targetProxy = 04F8314C1D8B47B200BA8BA9 /* PBXContainerItemProxy */;
		};
/* End PBXTargetDependency section */

/* Begin PBXVariantGroup section */
		04F831331D8B47B200BA8BA9 /* Main.storyboard */ = {
			isa = PBXVariantGroup;
			children = (
				04F831341D8B47B200BA8BA9 /* Base */,
			);
			name = Main.storyboard;
			sourceTree = "<group>";
		};
		04F831381D8B47B200BA8BA9 /* LaunchScreen.storyboard */ = {
			isa = PBXVariantGroup;
			children = (
				04F831391D8B47B200BA8BA9 /* Base */,
			);
			name = LaunchScreen.storyboard;
			sourceTree = "<group>";
		};
/* End PBXVariantGroup section */

/* Begin XCBuildConfiguration section */
		04F831521D8B47B200BA8BA9 /* Debug */ = {
			isa = XCBuildConfiguration;
			buildSettings = {
				ALWAYS_SEARCH_USER_PATHS = NO;
				CLANG_CXX_LANGUAGE_STANDARD = "gnu++0x";
				CLANG_CXX_LIBRARY = "libc++";
				CLANG_ENABLE_MODULES = YES;
				CLANG_ENABLE_OBJC_ARC = YES;
				CLANG_WARN_BOOL_CONVERSION = YES;
				CLANG_WARN_CONSTANT_CONVERSION = YES;
				CLANG_WARN_DIRECT_OBJC_ISA_USAGE = YES_ERROR;
				CLANG_WARN_EMPTY_BODY = YES;
				CLANG_WARN_ENUM_CONVERSION = YES;
				CLANG_WARN_INT_CONVERSION = YES;
				CLANG_WARN_OBJC_ROOT_CLASS = YES_ERROR;
				CLANG_WARN_UNREACHABLE_CODE = YES;
				CLANG_WARN__DUPLICATE_METHOD_MATCH = YES;
				"CODE_SIGN_IDENTITY[sdk=iphoneos*]" = "iPhone Developer";
				COPY_PHASE_STRIP = NO;
				DEBUG_INFORMATION_FORMAT = dwarf;
				ENABLE_STRICT_OBJC_MSGSEND = YES;
				ENABLE_TESTABILITY = YES;
				GCC_C_LANGUAGE_STANDARD = gnu99;
				GCC_DYNAMIC_NO_PIC = NO;
				GCC_NO_COMMON_BLOCKS = YES;
				GCC_OPTIMIZATION_LEVEL = 0;
				GCC_PREPROCESSOR_DEFINITIONS = (
					"DEBUG=1",
					"$(inherited)",
				);
				GCC_WARN_64_TO_32_BIT_CONVERSION = YES;
				GCC_WARN_ABOUT_RETURN_TYPE = YES_ERROR;
				GCC_WARN_UNDECLARED_SELECTOR = YES;
				GCC_WARN_UNINITIALIZED_AUTOS = YES_AGGRESSIVE;
				GCC_WARN_UNUSED_FUNCTION = YES;
				GCC_WARN_UNUSED_VARIABLE = YES;
				IPHONEOS_DEPLOYMENT_TARGET = 9.2;
				MTL_ENABLE_DEBUG_INFO = YES;
				ONLY_ACTIVE_ARCH = YES;
				SDKROOT = iphoneos;
				TARGETED_DEVICE_FAMILY = "1,2";
			};
			name = Debug;
		};
		04F831531D8B47B200BA8BA9 /* Release */ = {
			isa = XCBuildConfiguration;
			buildSettings = {
				ALWAYS_SEARCH_USER_PATHS = NO;
				CLANG_CXX_LANGUAGE_STANDARD = "gnu++0x";
				CLANG_CXX_LIBRARY = "libc++";
				CLANG_ENABLE_MODULES = YES;
				CLANG_ENABLE_OBJC_ARC = YES;
				CLANG_WARN_BOOL_CONVERSION = YES;
				CLANG_WARN_CONSTANT_CONVERSION = YES;
				CLANG_WARN_DIRECT_OBJC_ISA_USAGE = YES_ERROR;
				CLANG_WARN_EMPTY_BODY = YES;
				CLANG_WARN_ENUM_CONVERSION = YES;
				CLANG_WARN_INT_CONVERSION = YES;
				CLANG_WARN_OBJC_ROOT_CLASS = YES_ERROR;
				CLANG_WARN_UNREACHABLE_CODE = YES;
				CLANG_WARN__DUPLICATE_METHOD_MATCH = YES;
				"CODE_SIGN_IDENTITY[sdk=iphoneos*]" = "iPhone Developer";
				COPY_PHASE_STRIP = NO;
				DEBUG_INFORMATION_FORMAT = "dwarf-with-dsym";
				ENABLE_NS_ASSERTIONS = NO;
				ENABLE_STRICT_OBJC_MSGSEND = YES;
				GCC_C_LANGUAGE_STANDARD = gnu99;
				GCC_NO_COMMON_BLOCKS = YES;
				GCC_WARN_64_TO_32_BIT_CONVERSION = YES;
				GCC_WARN_ABOUT_RETURN_TYPE = YES_ERROR;
				GCC_WARN_UNDECLARED_SELECTOR = YES;
				GCC_WARN_UNINITIALIZED_AUTOS = YES_AGGRESSIVE;
				GCC_WARN_UNUSED_FUNCTION = YES;
				GCC_WARN_UNUSED_VARIABLE = YES;
				IPHONEOS_DEPLOYMENT_TARGET = 9.2;
				MTL_ENABLE_DEBUG_INFO = NO;
				SDKROOT = iphoneos;
				TARGETED_DEVICE_FAMILY = "1,2";
				VALIDATE_PRODUCT = YES;
			};
			name = Release;
		};
		04F831551D8B47B200BA8BA9 /* Debug */ = {
			isa = XCBuildConfiguration;
			baseConfigurationReference = F27172007B4E9CEF31F019AA /* Pods-jwTextFiled.debug.xcconfig */;
			buildSettings = {
				ASSETCATALOG_COMPILER_APPICON_NAME = AppIcon;
				CODE_SIGN_IDENTITY = "iPhone Developer";
				INFOPLIST_FILE = jwTextFiled/Info.plist;
				IPHONEOS_DEPLOYMENT_TARGET = 7.0;
				LD_RUNPATH_SEARCH_PATHS = "$(inherited) @executable_path/Frameworks";
				PRODUCT_BUNDLE_IDENTIFIER = "com.jw-forever-is-now.jwTextFiled";
				PRODUCT_NAME = "$(TARGET_NAME)";
			};
			name = Debug;
		};
		04F831561D8B47B200BA8BA9 /* Release */ = {
			isa = XCBuildConfiguration;
			baseConfigurationReference = 5ED9694ADD8A7618808AC772 /* Pods-jwTextFiled.release.xcconfig */;
			buildSettings = {
				ASSETCATALOG_COMPILER_APPICON_NAME = AppIcon;
				CODE_SIGN_IDENTITY = "iPhone Developer";
				INFOPLIST_FILE = jwTextFiled/Info.plist;
				IPHONEOS_DEPLOYMENT_TARGET = 7.0;
				LD_RUNPATH_SEARCH_PATHS = "$(inherited) @executable_path/Frameworks";
				PRODUCT_BUNDLE_IDENTIFIER = "com.jw-forever-is-now.jwTextFiled";
				PRODUCT_NAME = "$(TARGET_NAME)";
			};
			name = Release;
		};
		04F831581D8B47B200BA8BA9 /* Debug */ = {
			isa = XCBuildConfiguration;
			baseConfigurationReference = 3C320A8AE26184367036CB1A /* Pods-jwTextFiledTests.debug.xcconfig */;
			buildSettings = {
				BUNDLE_LOADER = "$(TEST_HOST)";
				DEVELOPMENT_TEAM = "";
				INFOPLIST_FILE = jwTextFiledTests/Info.plist;
				LD_RUNPATH_SEARCH_PATHS = "$(inherited) @executable_path/Frameworks @loader_path/Frameworks";
				PRODUCT_BUNDLE_IDENTIFIER = "com.jw-forever-is-now.jwTextFiledTests";
				PRODUCT_NAME = "$(TARGET_NAME)";
				TEST_HOST = "$(BUILT_PRODUCTS_DIR)/jwTextFiled.app/jwTextFiled";
			};
			name = Debug;
		};
		04F831591D8B47B200BA8BA9 /* Release */ = {
			isa = XCBuildConfiguration;
			baseConfigurationReference = 689573C42B34DB2FED6ADF72 /* Pods-jwTextFiledTests.release.xcconfig */;
			buildSettings = {
				BUNDLE_LOADER = "$(TEST_HOST)";
				DEVELOPMENT_TEAM = "";
				INFOPLIST_FILE = jwTextFiledTests/Info.plist;
				LD_RUNPATH_SEARCH_PATHS = "$(inherited) @executable_path/Frameworks @loader_path/Frameworks";
				PRODUCT_BUNDLE_IDENTIFIER = "com.jw-forever-is-now.jwTextFiledTests";
				PRODUCT_NAME = "$(TARGET_NAME)";
				TEST_HOST = "$(BUILT_PRODUCTS_DIR)/jwTextFiled.app/jwTextFiled";
			};
			name = Release;
		};
		04F8315B1D8B47B200BA8BA9 /* Debug */ = {
			isa = XCBuildConfiguration;
			baseConfigurationReference = 483EB1EC8648D8D8E8470D82 /* Pods-jwTextFiledUITests.debug.xcconfig */;
			buildSettings = {
				INFOPLIST_FILE = jwTextFiledUITests/Info.plist;
				LD_RUNPATH_SEARCH_PATHS = "$(inherited) @executable_path/Frameworks @loader_path/Frameworks";
				PRODUCT_BUNDLE_IDENTIFIER = "com.jw-forever-is-now.jwTextFiledUITests";
				PRODUCT_NAME = "$(TARGET_NAME)";
				TEST_TARGET_NAME = jwTextFiled;
				USES_XCTRUNNER = YES;
			};
			name = Debug;
		};
		04F8315C1D8B47B200BA8BA9 /* Release */ = {
			isa = XCBuildConfiguration;
			baseConfigurationReference = 21D7D38269ED3498F7B96847 /* Pods-jwTextFiledUITests.release.xcconfig */;
			buildSettings = {
				INFOPLIST_FILE = jwTextFiledUITests/Info.plist;
				LD_RUNPATH_SEARCH_PATHS = "$(inherited) @executable_path/Frameworks @loader_path/Frameworks";
				PRODUCT_BUNDLE_IDENTIFIER = "com.jw-forever-is-now.jwTextFiledUITests";
				PRODUCT_NAME = "$(TARGET_NAME)";
				TEST_TARGET_NAME = jwTextFiled;
				USES_XCTRUNNER = YES;
			};
			name = Release;
		};
/* End XCBuildConfiguration section */

/* Begin XCConfigurationList section */
		04F831221D8B47B100BA8BA9 /* Build configuration list for PBXProject "jwTextFiled" */ = {
			isa = XCConfigurationList;
			buildConfigurations = (
				04F831521D8B47B200BA8BA9 /* Debug */,
				04F831531D8B47B200BA8BA9 /* Release */,
			);
			defaultConfigurationIsVisible = 0;
			defaultConfigurationName = Release;
		};
		04F831541D8B47B200BA8BA9 /* Build configuration list for PBXNativeTarget "jwTextFiled" */ = {
			isa = XCConfigurationList;
			buildConfigurations = (
				04F831551D8B47B200BA8BA9 /* Debug */,
				04F831561D8B47B200BA8BA9 /* Release */,
			);
			defaultConfigurationIsVisible = 0;
			defaultConfigurationName = Release;
		};
		04F831571D8B47B200BA8BA9 /* Build configuration list for PBXNativeTarget "jwTextFiledTests" */ = {
			isa = XCConfigurationList;
			buildConfigurations = (
				04F831581D8B47B200BA8BA9 /* Debug */,
				04F831591D8B47B200BA8BA9 /* Release */,
			);
			defaultConfigurationIsVisible = 0;
			defaultConfigurationName = Release;
		};
		04F8315A1D8B47B200BA8BA9 /* Build configuration list for PBXNativeTarget "jwTextFiledUITests" */ = {
			isa = XCConfigurationList;
			buildConfigurations = (
				04F8315B1D8B47B200BA8BA9 /* Debug */,
				04F8315C1D8B47B200BA8BA9 /* Release */,
			);
			defaultConfigurationIsVisible = 0;
			defaultConfigurationName = Release;
		};
/* End XCConfigurationList section */
	};
	rootObject = 04F8311F1D8B47B100BA8BA9 /* Project object */;
}
