// !$*UTF8*$!
{
	archiveVersion = 1;
	classes = {
	};
	objectVersion = 46;
	objects = {

/* Begin PBXBuildFile section */
		0400DDF61D8C54AF00E06CFE /* main.m in Sources */ = {isa = PBXBuildFile; fileRef = 0400DDF51D8C54AF00E06CFE /* main.m */; };
		0400DDF91D8C54AF00E06CFE /* AppDelegate.m in Sources */ = {isa = PBXBuildFile; fileRef = 0400DDF81D8C54AF00E06CFE /* AppDelegate.m */; };
		0400DDFC1D8C54AF00E06CFE /* ViewController.m in Sources */ = {isa = PBXBuildFile; fileRef = 0400DDFB1D8C54AF00E06CFE /* ViewController.m */; };
		0400DDFF1D8C54AF00E06CFE /* Main.storyboard in Resources */ = {isa = PBXBuildFile; fileRef = 0400DDFD1D8C54AF00E06CFE /* Main.storyboard */; };
		0400DE011D8C54AF00E06CFE /* Assets.xcassets in Resources */ = {isa = PBXBuildFile; fileRef = 0400DE001D8C54AF00E06CFE /* Assets.xcassets */; };
		0400DE041D8C54AF00E06CFE /* LaunchScreen.storyboard in Resources */ = {isa = PBXBuildFile; fileRef = 0400DE021D8C54AF00E06CFE /* LaunchScreen.storyboard */; };
		0400DE0F1D8C54AF00E06CFE /* jwProgressBarTests.m in Sources */ = {isa = PBXBuildFile; fileRef = 0400DE0E1D8C54AF00E06CFE /* jwProgressBarTests.m */; };
		0400DE1A1D8C54AF00E06CFE /* jwProgressBarUITests.m in Sources */ = {isa = PBXBuildFile; fileRef = 0400DE191D8C54AF00E06CFE /* jwProgressBarUITests.m */; };
		0400DE2A1D8C54C200E06CFE /* jwRingProgressBar.m in Sources */ = {isa = PBXBuildFile; fileRef = 0400DE291D8C54C200E06CFE /* jwRingProgressBar.m */; };
/* End PBXBuildFile section */

/* Begin PBXContainerItemProxy section */
		0400DE0B1D8C54AF00E06CFE /* PBXContainerItemProxy */ = {
			isa = PBXContainerItemProxy;
			containerPortal = 0400DDE91D8C54AF00E06CFE /* Project object */;
			proxyType = 1;
			remoteGlobalIDString = 0400DDF01D8C54AF00E06CFE;
			remoteInfo = jwProgressBar;
		};
		0400DE161D8C54AF00E06CFE /* PBXContainerItemProxy */ = {
			isa = PBXContainerItemProxy;
			containerPortal = 0400DDE91D8C54AF00E06CFE /* Project object */;
			proxyType = 1;
			remoteGlobalIDString = 0400DDF01D8C54AF00E06CFE;
			remoteInfo = jwProgressBar;
		};
/* End PBXContainerItemProxy section */

/* Begin PBXFileReference section */
		0400DDF11D8C54AF00E06CFE /* jwProgressBar.app */ = {isa = PBXFileReference; explicitFileType = wrapper.application; includeInIndex = 0; path = jwProgressBar.app; sourceTree = BUILT_PRODUCTS_DIR; };
		0400DDF51D8C54AF00E06CFE /* main.m */ = {isa = PBXFileReference; lastKnownFileType = sourcecode.c.objc; path = main.m; sourceTree = "<group>"; };
		0400DDF71D8C54AF00E06CFE /* AppDelegate.h */ = {isa = PBXFileReference; lastKnownFileType = sourcecode.c.h; path = AppDelegate.h; sourceTree = "<group>"; };
		0400DDF81D8C54AF00E06CFE /* AppDelegate.m */ = {isa = PBXFileReference; lastKnownFileType = sourcecode.c.objc; path = AppDelegate.m; sourceTree = "<group>"; };
		0400DDFA1D8C54AF00E06CFE /* ViewController.h */ = {isa = PBXFileReference; lastKnownFileType = sourcecode.c.h; path = ViewController.h; sourceTree = "<group>"; };
		0400DDFB1D8C54AF00E06CFE /* ViewController.m */ = {isa = PBXFileReference; lastKnownFileType = sourcecode.c.objc; path = ViewController.m; sourceTree = "<group>"; };
		0400DDFE1D8C54AF00E06CFE /* Base */ = {isa = PBXFileReference; lastKnownFileType = file.storyboard; name = Base; path = Base.lproj/Main.storyboard; sourceTree = "<group>"; };
		0400DE001D8C54AF00E06CFE /* Assets.xcassets */ = {isa = PBXFileReference; lastKnownFileType = folder.assetcatalog; path = Assets.xcassets; sourceTree = "<group>"; };
		0400DE031D8C54AF00E06CFE /* Base */ = {isa = PBXFileReference; lastKnownFileType = file.storyboard; name = Base; path = Base.lproj/LaunchScreen.storyboard; sourceTree = "<group>"; };
		0400DE051D8C54AF00E06CFE /* Info.plist */ = {isa = PBXFileReference; lastKnownFileType = text.plist.xml; path = Info.plist; sourceTree = "<group>"; };
		0400DE0A1D8C54AF00E06CFE /* jwProgressBarTests.xctest */ = {isa = PBXFileReference; explicitFileType = wrapper.cfbundle; includeInIndex = 0; path = jwProgressBarTests.xctest; sourceTree = BUILT_PRODUCTS_DIR; };
		0400DE0E1D8C54AF00E06CFE /* jwProgressBarTests.m */ = {isa = PBXFileReference; lastKnownFileType = sourcecode.c.objc; path = jwProgressBarTests.m; sourceTree = "<group>"; };
		0400DE101D8C54AF00E06CFE /* Info.plist */ = {isa = PBXFileReference; lastKnownFileType = text.plist.xml; path = Info.plist; sourceTree = "<group>"; };
		0400DE151D8C54AF00E06CFE /* jwProgressBarUITests.xctest */ = {isa = PBXFileReference; explicitFileType = wrapper.cfbundle; includeInIndex = 0; path = jwProgressBarUITests.xctest; sourceTree = BUILT_PRODUCTS_DIR; };
		0400DE191D8C54AF00E06CFE /* jwProgressBarUITests.m */ = {isa = PBXFileReference; lastKnownFileType = sourcecode.c.objc; path = jwProgressBarUITests.m; sourceTree = "<group>"; };
		0400DE1B1D8C54AF00E06CFE /* Info.plist */ = {isa = PBXFileReference; lastKnownFileType = text.plist.xml; path = Info.plist; sourceTree = "<group>"; };
		0400DE281D8C54C200E06CFE /* jwRingProgressBar.h */ = {isa = PBXFileReference; fileEncoding = 4; lastKnownFileType = sourcecode.c.h; path = jwRingProgressBar.h; sourceTree = "<group>"; };
		0400DE291D8C54C200E06CFE /* jwRingProgressBar.m */ = {isa = PBXFileReference; fileEncoding = 4; lastKnownFileType = sourcecode.c.objc; path = jwRingProgressBar.m; sourceTree = "<group>"; };
		0400DE2B1D8C58C000E06CFE /* jwProgressBar.h */ = {isa = PBXFileReference; fileEncoding = 4; lastKnownFileType = sourcecode.c.h; path = jwProgressBar.h; sourceTree = "<group>"; };
/* End PBXFileReference section */

/* Begin PBXFrameworksBuildPhase section */
		0400DDEE1D8C54AF00E06CFE /* Frameworks */ = {
			isa = PBXFrameworksBuildPhase;
			buildActionMask = 2147483647;
			files = (
			);
			runOnlyForDeploymentPostprocessing = 0;
		};
		0400DE071D8C54AF00E06CFE /* Frameworks */ = {
			isa = PBXFrameworksBuildPhase;
			buildActionMask = 2147483647;
			files = (
			);
			runOnlyForDeploymentPostprocessing = 0;
		};
		0400DE121D8C54AF00E06CFE /* Frameworks */ = {
			isa = PBXFrameworksBuildPhase;
			buildActionMask = 2147483647;
			files = (
			);
			runOnlyForDeploymentPostprocessing = 0;
		};
/* End PBXFrameworksBuildPhase section */

/* Begin PBXGroup section */
		0400DDE81D8C54AF00E06CFE = {
			isa = PBXGroup;
			children = (
				0400DDF31D8C54AF00E06CFE /* jwProgressBar */,
				0400DE0D1D8C54AF00E06CFE /* jwProgressBarTests */,
				0400DE181D8C54AF00E06CFE /* jwProgressBarUITests */,
				0400DDF21D8C54AF00E06CFE /* Products */,
			);
			sourceTree = "<group>";
		};
		0400DDF21D8C54AF00E06CFE /* Products */ = {
			isa = PBXGroup;
			children = (
				0400DDF11D8C54AF00E06CFE /* jwProgressBar.app */,
				0400DE0A1D8C54AF00E06CFE /* jwProgressBarTests.xctest */,
				0400DE151D8C54AF00E06CFE /* jwProgressBarUITests.xctest */,
			);
			name = Products;
			sourceTree = "<group>";
		};
		0400DDF31D8C54AF00E06CFE /* jwProgressBar */ = {
			isa = PBXGroup;
			children = (
				0400DE271D8C54C200E06CFE /* jwProgressBar */,
				0400DDF71D8C54AF00E06CFE /* AppDelegate.h */,
				0400DDF81D8C54AF00E06CFE /* AppDelegate.m */,
				0400DDFA1D8C54AF00E06CFE /* ViewController.h */,
				0400DDFB1D8C54AF00E06CFE /* ViewController.m */,
				0400DDFD1D8C54AF00E06CFE /* Main.storyboard */,
				0400DE001D8C54AF00E06CFE /* Assets.xcassets */,
				0400DE021D8C54AF00E06CFE /* LaunchScreen.storyboard */,
				0400DE051D8C54AF00E06CFE /* Info.plist */,
				0400DDF41D8C54AF00E06CFE /* Supporting Files */,
			);
			path = jwProgressBar;
			sourceTree = "<group>";
		};
		0400DDF41D8C54AF00E06CFE /* Supporting Files */ = {
			isa = PBXGroup;
			children = (
				0400DDF51D8C54AF00E06CFE /* main.m */,
			);
			name = "Supporting Files";
			sourceTree = "<group>";
		};
		0400DE0D1D8C54AF00E06CFE /* jwProgressBarTests */ = {
			isa = PBXGroup;
			children = (
				0400DE0E1D8C54AF00E06CFE /* jwProgressBarTests.m */,
				0400DE101D8C54AF00E06CFE /* Info.plist */,
			);
			path = jwProgressBarTests;
			sourceTree = "<group>";
		};
		0400DE181D8C54AF00E06CFE /* jwProgressBarUITests */ = {
			isa = PBXGroup;
			children = (
				0400DE191D8C54AF00E06CFE /* jwProgressBarUITests.m */,
				0400DE1B1D8C54AF00E06CFE /* Info.plist */,
			);
			path = jwProgressBarUITests;
			sourceTree = "<group>";
		};
		0400DE271D8C54C200E06CFE /* jwProgressBar */ = {
			isa = PBXGroup;
			children = (
				0400DE2B1D8C58C000E06CFE /* jwProgressBar.h */,
				0400DE281D8C54C200E06CFE /* jwRingProgressBar.h */,
				0400DE291D8C54C200E06CFE /* jwRingProgressBar.m */,
			);
			path = jwProgressBar;
			sourceTree = "<group>";
		};
/* End PBXGroup section */

/* Begin PBXNativeTarget section */
		0400DDF01D8C54AF00E06CFE /* jwProgressBar */ = {
			isa = PBXNativeTarget;
			buildConfigurationList = 0400DE1E1D8C54AF00E06CFE /* Build configuration list for PBXNativeTarget "jwProgressBar" */;
			buildPhases = (
				0400DDED1D8C54AF00E06CFE /* Sources */,
				0400DDEE1D8C54AF00E06CFE /* Frameworks */,
				0400DDEF1D8C54AF00E06CFE /* Resources */,
			);
			buildRules = (
			);
			dependencies = (
			);
			name = jwProgressBar;
			productName = jwProgressBar;
			productReference = 0400DDF11D8C54AF00E06CFE /* jwProgressBar.app */;
			productType = "com.apple.product-type.application";
		};
		0400DE091D8C54AF00E06CFE /* jwProgressBarTests */ = {
			isa = PBXNativeTarget;
			buildConfigurationList = 0400DE211D8C54AF00E06CFE /* Build configuration list for PBXNativeTarget "jwProgressBarTests" */;
			buildPhases = (
				0400DE061D8C54AF00E06CFE /* Sources */,
				0400DE071D8C54AF00E06CFE /* Frameworks */,
				0400DE081D8C54AF00E06CFE /* Resources */,
			);
			buildRules = (
			);
			dependencies = (
				0400DE0C1D8C54AF00E06CFE /* PBXTargetDependency */,
			);
			name = jwProgressBarTests;
			productName = jwProgressBarTests;
			productReference = 0400DE0A1D8C54AF00E06CFE /* jwProgressBarTests.xctest */;
			productType = "com.apple.product-type.bundle.unit-test";
		};
		0400DE141D8C54AF00E06CFE /* jwProgressBarUITests */ = {
			isa = PBXNativeTarget;
			buildConfigurationList = 0400DE241D8C54AF00E06CFE /* Build configuration list for PBXNativeTarget "jwProgressBarUITests" */;
			buildPhases = (
				0400DE111D8C54AF00E06CFE /* Sources */,
				0400DE121D8C54AF00E06CFE /* Frameworks */,
				0400DE131D8C54AF00E06CFE /* Resources */,
			);
			buildRules = (
			);
			dependencies = (
				0400DE171D8C54AF00E06CFE /* PBXTargetDependency */,
			);
			name = jwProgressBarUITests;
			productName = jwProgressBarUITests;
			productReference = 0400DE151D8C54AF00E06CFE /* jwProgressBarUITests.xctest */;
			productType = "com.apple.product-type.bundle.ui-testing";
		};
/* End PBXNativeTarget section */

/* Begin PBXProject section */
		0400DDE91D8C54AF00E06CFE /* Project object */ = {
			isa = PBXProject;
			attributes = {
				LastUpgradeCheck = 0720;
				ORGANIZATIONNAME = Mac;
				TargetAttributes = {
					0400DDF01D8C54AF00E06CFE = {
						CreatedOnToolsVersion = 7.2;
						DevelopmentTeam = VJHLUPM383;
					};
					0400DE091D8C54AF00E06CFE = {
						CreatedOnToolsVersion = 7.2;
						DevelopmentTeam = VJHLUPM383;
						TestTargetID = 0400DDF01D8C54AF00E06CFE;
					};
					0400DE141D8C54AF00E06CFE = {
						CreatedOnToolsVersion = 7.2;
						DevelopmentTeam = VJHLUPM383;
						TestTargetID = 0400DDF01D8C54AF00E06CFE;
					};
				};
			};
			buildConfigurationList = 0400DDEC1D8C54AF00E06CFE /* Build configuration list for PBXProject "jwProgressBar" */;
			compatibilityVersion = "Xcode 3.2";
			developmentRegion = English;
			hasScannedForEncodings = 0;
			knownRegions = (
				en,
				Base,
			);
			mainGroup = 0400DDE81D8C54AF00E06CFE;
			productRefGroup = 0400DDF21D8C54AF00E06CFE /* Products */;
			projectDirPath = "";
			projectRoot = "";
			targets = (
				0400DDF01D8C54AF00E06CFE /* jwProgressBar */,
				0400DE091D8C54AF00E06CFE /* jwProgressBarTests */,
				0400DE141D8C54AF00E06CFE /* jwProgressBarUITests */,
			);
		};
/* End PBXProject section */

/* Begin PBXResourcesBuildPhase section */
		0400DDEF1D8C54AF00E06CFE /* Resources */ = {
			isa = PBXResourcesBuildPhase;
			buildActionMask = 2147483647;
			files = (
				0400DE041D8C54AF00E06CFE /* LaunchScreen.storyboard in Resources */,
				0400DE011D8C54AF00E06CFE /* Assets.xcassets in Resources */,
				0400DDFF1D8C54AF00E06CFE /* Main.storyboard in Resources */,
			);
			runOnlyForDeploymentPostprocessing = 0;
		};
		0400DE081D8C54AF00E06CFE /* Resources */ = {
			isa = PBXResourcesBuildPhase;
			buildActionMask = 2147483647;
			files = (
			);
			runOnlyForDeploymentPostprocessing = 0;
		};
		0400DE131D8C54AF00E06CFE /* Resources */ = {
			isa = PBXResourcesBuildPhase;
			buildActionMask = 2147483647;
			files = (
			);
			runOnlyForDeploymentPostprocessing = 0;
		};
/* End PBXResourcesBuildPhase section */

/* Begin PBXSourcesBuildPhase section */
		0400DDED1D8C54AF00E06CFE /* Sources */ = {
			isa = PBXSourcesBuildPhase;
			buildActionMask = 2147483647;
			files = (
				0400DDFC1D8C54AF00E06CFE /* ViewController.m in Sources */,
				0400DE2A1D8C54C200E06CFE /* jwRingProgressBar.m in Sources */,
				0400DDF91D8C54AF00E06CFE /* AppDelegate.m in Sources */,
				0400DDF61D8C54AF00E06CFE /* main.m in Sources */,
			);
			runOnlyForDeploymentPostprocessing = 0;
		};
		0400DE061D8C54AF00E06CFE /* Sources */ = {
			isa = PBXSourcesBuildPhase;
			buildActionMask = 2147483647;
			files = (
				0400DE0F1D8C54AF00E06CFE /* jwProgressBarTests.m in Sources */,
			);
			runOnlyForDeploymentPostprocessing = 0;
		};
		0400DE111D8C54AF00E06CFE /* Sources */ = {
			isa = PBXSourcesBuildPhase;
			buildActionMask = 2147483647;
			files = (
				0400DE1A1D8C54AF00E06CFE /* jwProgressBarUITests.m in Sources */,
			);
			runOnlyForDeploymentPostprocessing = 0;
		};
/* End PBXSourcesBuildPhase section */

/* Begin PBXTargetDependency section */
		0400DE0C1D8C54AF00E06CFE /* PBXTargetDependency */ = {
			isa = PBXTargetDependency;
			target = 0400DDF01D8C54AF00E06CFE /* jwProgressBar */;
			targetProxy = 0400DE0B1D8C54AF00E06CFE /* PBXContainerItemProxy */;
		};
		0400DE171D8C54AF00E06CFE /* PBXTargetDependency */ = {
			isa = PBXTargetDependency;
			target = 0400DDF01D8C54AF00E06CFE /* jwProgressBar */;
			targetProxy = 0400DE161D8C54AF00E06CFE /* PBXContainerItemProxy */;
		};
/* End PBXTargetDependency section */

/* Begin PBXVariantGroup section */
		0400DDFD1D8C54AF00E06CFE /* Main.storyboard */ = {
			isa = PBXVariantGroup;
			children = (
				0400DDFE1D8C54AF00E06CFE /* Base */,
			);
			name = Main.storyboard;
			sourceTree = "<group>";
		};
		0400DE021D8C54AF00E06CFE /* LaunchScreen.storyboard */ = {
			isa = PBXVariantGroup;
			children = (
				0400DE031D8C54AF00E06CFE /* Base */,
			);
			name = LaunchScreen.storyboard;
			sourceTree = "<group>";
		};
/* End PBXVariantGroup section */

/* Begin XCBuildConfiguration section */
		0400DE1C1D8C54AF00E06CFE /* Debug */ = {
			isa = XCBuildConfiguration;
			buildSettings = {
				ALWAYS_SEARCH_USER_PATHS = NO;
				CLANG_CXX_LANGUAGE_STANDARD = "gnu++0x";
				CLANG_CXX_LIBRARY = "libc++";
				CLANG_ENABLE_MODULES = YES;
				CLANG_ENABLE_OBJC_ARC = YES;
				CLANG_WARN_BOOL_CONVERSION = YES;
				CLANG_WARN_CONSTANT_CONVERSION = YES;
				CLANG_WARN_DIRECT_OBJC_ISA_USAGE = YES_ERROR;
				CLANG_WARN_EMPTY_BODY = YES;
				CLANG_WARN_ENUM_CONVERSION = YES;
				CLANG_WARN_INT_CONVERSION = YES;
				CLANG_WARN_OBJC_ROOT_CLASS = YES_ERROR;
				CLANG_WARN_UNREACHABLE_CODE = YES;
				CLANG_WARN__DUPLICATE_METHOD_MATCH = YES;
				"CODE_SIGN_IDENTITY[sdk=iphoneos*]" = "iPhone Developer";
				COPY_PHASE_STRIP = NO;
				DEBUG_INFORMATION_FORMAT = dwarf;
				ENABLE_STRICT_OBJC_MSGSEND = YES;
				ENABLE_TESTABILITY = YES;
				GCC_C_LANGUAGE_STANDARD = gnu99;
				GCC_DYNAMIC_NO_PIC = NO;
				GCC_NO_COMMON_BLOCKS = YES;
				GCC_OPTIMIZATION_LEVEL = 0;
				GCC_PREPROCESSOR_DEFINITIONS = (
					"DEBUG=1",
					"$(inherited)",
				);
				GCC_WARN_64_TO_32_BIT_CONVERSION = YES;
				GCC_WARN_ABOUT_RETURN_TYPE = YES_ERROR;
				GCC_WARN_UNDECLARED_SELECTOR = YES;
				GCC_WARN_UNINITIALIZED_AUTOS = YES_AGGRESSIVE;
				GCC_WARN_UNUSED_FUNCTION = YES;
				GCC_WARN_UNUSED_VARIABLE = YES;
				IPHONEOS_DEPLOYMENT_TARGET = 9.2;
				MTL_ENABLE_DEBUG_INFO = YES;
				ONLY_ACTIVE_ARCH = YES;
				SDKROOT = iphoneos;
				TARGETED_DEVICE_FAMILY = "1,2";
			};
			name = Debug;
		};
		0400DE1D1D8C54AF00E06CFE /* Release */ = {
			isa = XCBuildConfiguration;
			buildSettings = {
				ALWAYS_SEARCH_USER_PATHS = NO;
				CLANG_CXX_LANGUAGE_STANDARD = "gnu++0x";
				CLANG_CXX_LIBRARY = "libc++";
				CLANG_ENABLE_MODULES = YES;
				CLANG_ENABLE_OBJC_ARC = YES;
				CLANG_WARN_BOOL_CONVERSION = YES;
				CLANG_WARN_CONSTANT_CONVERSION = YES;
				CLANG_WARN_DIRECT_OBJC_ISA_USAGE = YES_ERROR;
				CLANG_WARN_EMPTY_BODY = YES;
				CLANG_WARN_ENUM_CONVERSION = YES;
				CLANG_WARN_INT_CONVERSION = YES;
				CLANG_WARN_OBJC_ROOT_CLASS = YES_ERROR;
				CLANG_WARN_UNREACHABLE_CODE = YES;
				CLANG_WARN__DUPLICATE_METHOD_MATCH = YES;
				"CODE_SIGN_IDENTITY[sdk=iphoneos*]" = "iPhone Developer";
				COPY_PHASE_STRIP = NO;
				DEBUG_INFORMATION_FORMAT = "dwarf-with-dsym";
				ENABLE_NS_ASSERTIONS = NO;
				ENABLE_STRICT_OBJC_MSGSEND = YES;
				GCC_C_LANGUAGE_STANDARD = gnu99;
				GCC_NO_COMMON_BLOCKS = YES;
				GCC_WARN_64_TO_32_BIT_CONVERSION = YES;
				GCC_WARN_ABOUT_RETURN_TYPE = YES_ERROR;
				GCC_WARN_UNDECLARED_SELECTOR = YES;
				GCC_WARN_UNINITIALIZED_AUTOS = YES_AGGRESSIVE;
				GCC_WARN_UNUSED_FUNCTION = YES;
				GCC_WARN_UNUSED_VARIABLE = YES;
				IPHONEOS_DEPLOYMENT_TARGET = 9.2;
				MTL_ENABLE_DEBUG_INFO = NO;
				SDKROOT = iphoneos;
				TARGETED_DEVICE_FAMILY = "1,2";
				VALIDATE_PRODUCT = YES;
			};
			name = Release;
		};
		0400DE1F1D8C54AF00E06CFE /* Debug */ = {
			isa = XCBuildConfiguration;
			buildSettings = {
				ASSETCATALOG_COMPILER_APPICON_NAME = AppIcon;
				INFOPLIST_FILE = jwProgressBar/Info.plist;
				LD_RUNPATH_SEARCH_PATHS = "$(inherited) @executable_path/Frameworks";
				PRODUCT_BUNDLE_IDENTIFIER = "com.jw-forever-is-now.jwProgressBar";
				PRODUCT_NAME = "$(TARGET_NAME)";
			};
			name = Debug;
		};
		0400DE201D8C54AF00E06CFE /* Release */ = {
			isa = XCBuildConfiguration;
			buildSettings = {
				ASSETCATALOG_COMPILER_APPICON_NAME = AppIcon;
				INFOPLIST_FILE = jwProgressBar/Info.plist;
				LD_RUNPATH_SEARCH_PATHS = "$(inherited) @executable_path/Frameworks";
				PRODUCT_BUNDLE_IDENTIFIER = "com.jw-forever-is-now.jwProgressBar";
				PRODUCT_NAME = "$(TARGET_NAME)";
			};
			name = Release;
		};
		0400DE221D8C54AF00E06CFE /* Debug */ = {
			isa = XCBuildConfiguration;
			buildSettings = {
				BUNDLE_LOADER = "$(TEST_HOST)";
				INFOPLIST_FILE = jwProgressBarTests/Info.plist;
				LD_RUNPATH_SEARCH_PATHS = "$(inherited) @executable_path/Frameworks @loader_path/Frameworks";
				PRODUCT_BUNDLE_IDENTIFIER = "com.jw-forever-is-now.jwProgressBarTests";
				PRODUCT_NAME = "$(TARGET_NAME)";
				TEST_HOST = "$(BUILT_PRODUCTS_DIR)/jwProgressBar.app/jwProgressBar";
			};
			name = Debug;
		};
		0400DE231D8C54AF00E06CFE /* Release */ = {
			isa = XCBuildConfiguration;
			buildSettings = {
				BUNDLE_LOADER = "$(TEST_HOST)";
				INFOPLIST_FILE = jwProgressBarTests/Info.plist;
				LD_RUNPATH_SEARCH_PATHS = "$(inherited) @executable_path/Frameworks @loader_path/Frameworks";
				PRODUCT_BUNDLE_IDENTIFIER = "com.jw-forever-is-now.jwProgressBarTests";
				PRODUCT_NAME = "$(TARGET_NAME)";
				TEST_HOST = "$(BUILT_PRODUCTS_DIR)/jwProgressBar.app/jwProgressBar";
			};
			name = Release;
		};
		0400DE251D8C54AF00E06CFE /* Debug */ = {
			isa = XCBuildConfiguration;
			buildSettings = {
				INFOPLIST_FILE = jwProgressBarUITests/Info.plist;
				LD_RUNPATH_SEARCH_PATHS = "$(inherited) @executable_path/Frameworks @loader_path/Frameworks";
				PRODUCT_BUNDLE_IDENTIFIER = "com.jw-forever-is-now.jwProgressBarUITests";
				PRODUCT_NAME = "$(TARGET_NAME)";
				TEST_TARGET_NAME = jwProgressBar;
				USES_XCTRUNNER = YES;
			};
			name = Debug;
		};
		0400DE261D8C54AF00E06CFE /* Release */ = {
			isa = XCBuildConfiguration;
			buildSettings = {
				INFOPLIST_FILE = jwProgressBarUITests/Info.plist;
				LD_RUNPATH_SEARCH_PATHS = "$(inherited) @executable_path/Frameworks @loader_path/Frameworks";
				PRODUCT_BUNDLE_IDENTIFIER = "com.jw-forever-is-now.jwProgressBarUITests";
				PRODUCT_NAME = "$(TARGET_NAME)";
				TEST_TARGET_NAME = jwProgressBar;
				USES_XCTRUNNER = YES;
			};
			name = Release;
		};
/* End XCBuildConfiguration section */

/* Begin XCConfigurationList section */
		0400DDEC1D8C54AF00E06CFE /* Build configuration list for PBXProject "jwProgressBar" */ = {
			isa = XCConfigurationList;
			buildConfigurations = (
				0400DE1C1D8C54AF00E06CFE /* Debug */,
				0400DE1D1D8C54AF00E06CFE /* Release */,
			);
			defaultConfigurationIsVisible = 0;
			defaultConfigurationName = Release;
		};
		0400DE1E1D8C54AF00E06CFE /* Build configuration list for PBXNativeTarget "jwProgressBar" */ = {
			isa = XCConfigurationList;
			buildConfigurations = (
				0400DE1F1D8C54AF00E06CFE /* Debug */,
				0400DE201D8C54AF00E06CFE /* Release */,
			);
			defaultConfigurationIsVisible = 0;
			defaultConfigurationName = Release;
		};
		0400DE211D8C54AF00E06CFE /* Build configuration list for PBXNativeTarget "jwProgressBarTests" */ = {
			isa = XCConfigurationList;
			buildConfigurations = (
				0400DE221D8C54AF00E06CFE /* Debug */,
				0400DE231D8C54AF00E06CFE /* Release */,
			);
			defaultConfigurationIsVisible = 0;
			defaultConfigurationName = Release;
		};
		0400DE241D8C54AF00E06CFE /* Build configuration list for PBXNativeTarget "jwProgressBarUITests" */ = {
			isa = XCConfigurationList;
			buildConfigurations = (
				0400DE251D8C54AF00E06CFE /* Debug */,
				0400DE261D8C54AF00E06CFE /* Release */,
			);
			defaultConfigurationIsVisible = 0;
			defaultConfigurationName = Release;
		};
/* End XCConfigurationList section */
	};
	rootObject = 0400DDE91D8C54AF00E06CFE /* Project object */;
}
